
Microsoft Visual Studio Solution File, Format Version 12.00
# Visual Studio Version 17
VisualStudioVersion = 17.8.34330.188
MinimumVisualStudioVersion = 10.0.40219.1
Project("{FAE04EC0-301F-11D3-BF4B-00C04F79EFBC}") = "ScalingStartCredits", "ScalingStartCredits\ScalingStartCredits.csproj", "{332290FD-F4F6-4B02-B7E1-E4A770A28895}"
EndProject
Global
	GlobalSection(SolutionConfigurationPlatforms) = preSolution
		Debug|Any CPU = Debug|Any CPU
		Release|Any CPU = Release|Any CPU
	EndGlobalSection
	GlobalSection(ProjectConfigurationPlatforms) = postSolution
		{332290FD-F4F6-4B02-B7E1-E4A770A28895}.Debug|Any CPU.ActiveCfg = Debug|Any CPU
		{332290FD-F4F6-4B02-B7E1-E4A770A28895}.Debug|Any CPU.Build.0 = Debug|Any CPU
		{332290FD-F4F6-4B02-B7E1-E4A770A28895}.Release|Any CPU.ActiveCfg = Release|Any CPU
		{332290FD-F4F6-4B02-B7E1-E4A770A28895}.Release|Any CPU.Build.0 = Release|Any CPU
	EndGlobalSection
	GlobalSection(SolutionProperties) = preSolution
		HideSolutionNode = FALSE
	EndGlobalSection
	GlobalSection(ExtensibilityGlobals) = postSolution
		SolutionGuid = {C1FC3C94-8547-42A8-AD4F-E5AB34C3DDF9}
	EndGlobalSection
EndGlobal
